
Microsoft Visual Studio Solution File, Format Version 12.00
# Visual Studio Version 17
VisualStudioVersion = 17.0.31521.260
MinimumVisualStudioVersion = 10.0.40219.1
Project("{9A19103F-16F7-4668-BE54-9A1E7A4F7556}") = "BeatMapsSharp", "BeatMapsSharp\BeatMapsSharp.csproj", "{9BB3A371-9D5A-41B9-AAA5-B0F6D5C23679}"
EndProject
Project("{FAE04EC0-301F-11D3-BF4B-00C04F79EFBC}") = "BeatSaverSharp.Playground", "BeatSaverSharp.Playground\BeatSaverSharp.Playground.csproj", "{56FABEC8-3ADE-4A99-B6BE-C27902AB5B83}"
EndProject
Global
	GlobalSection(SolutionConfigurationPlatforms) = preSolution
		Debug|Any CPU = Debug|Any CPU
		Release|Any CPU = Release|Any CPU
	EndGlobalSection
	GlobalSection(ProjectConfigurationPlatforms) = postSolution
		{9BB3A371-9D5A-41B9-AAA5-B0F6D5C23679}.Debug|Any CPU.ActiveCfg = Debug|Any CPU
		{9BB3A371-9D5A-41B9-AAA5-B0F6D5C23679}.Debug|Any CPU.Build.0 = Debug|Any CPU
		{9BB3A371-9D5A-41B9-AAA5-B0F6D5C23679}.Release|Any CPU.ActiveCfg = Release|Any CPU
		{9BB3A371-9D5A-41B9-AAA5-B0F6D5C23679}.Release|Any CPU.Build.0 = Release|Any CPU
		{56FABEC8-3ADE-4A99-B6BE-C27902AB5B83}.Debug|Any CPU.ActiveCfg = Debug|Any CPU
		{56FABEC8-3ADE-4A99-B6BE-C27902AB5B83}.Debug|Any CPU.Build.0 = Debug|Any CPU
		{56FABEC8-3ADE-4A99-B6BE-C27902AB5B83}.Release|Any CPU.ActiveCfg = Release|Any CPU
		{56FABEC8-3ADE-4A99-B6BE-C27902AB5B83}.Release|Any CPU.Build.0 = Release|Any CPU
	EndGlobalSection
	GlobalSection(SolutionProperties) = preSolution
		HideSolutionNode = FALSE
	EndGlobalSection
	GlobalSection(ExtensibilityGlobals) = postSolution
		SolutionGuid = {89A6A9E7-56E5-46EE-B17E-AF29B98EA2B5}
	EndGlobalSection
EndGlobal
